
Microsoft Visual Studio Solution File, Format Version 12.00
# Visual Studio Version 17
VisualStudioVersion = 17.0.31903.59
MinimumVisualStudioVersion = 10.0.40219.1
Project("{FAE04EC0-301F-11D3-BF4B-00C04F79EFBC}") = "myProgram", "exempleApp\myProgram.csproj", "{5AEE008A-F89B-42BD-A497-4574851EC78D}"
EndProject
Project("{FAE04EC0-301F-11D3-BF4B-00C04F79EFBC}") = "exempleLib", "exempleLib\exempleLib.csproj", "{1594DBEA-666E-4848-A84C-D0C1FBD0B45A}"
EndProject
Global
	GlobalSection(SolutionConfigurationPlatforms) = preSolution
		Debug|Any CPU = Debug|Any CPU
		Release|Any CPU = Release|Any CPU
	EndGlobalSection
	GlobalSection(SolutionProperties) = preSolution
		HideSolutionNode = FALSE
	EndGlobalSection
	GlobalSection(ProjectConfigurationPlatforms) = postSolution
		{5AEE008A-F89B-42BD-A497-4574851EC78D}.Debug|Any CPU.ActiveCfg = Debug|Any CPU
		{5AEE008A-F89B-42BD-A497-4574851EC78D}.Debug|Any CPU.Build.0 = Debug|Any CPU
		{5AEE008A-F89B-42BD-A497-4574851EC78D}.Release|Any CPU.ActiveCfg = Release|Any CPU
		{5AEE008A-F89B-42BD-A497-4574851EC78D}.Release|Any CPU.Build.0 = Release|Any CPU
		{1594DBEA-666E-4848-A84C-D0C1FBD0B45A}.Debug|Any CPU.ActiveCfg = Debug|Any CPU
		{1594DBEA-666E-4848-A84C-D0C1FBD0B45A}.Debug|Any CPU.Build.0 = Debug|Any CPU
		{1594DBEA-666E-4848-A84C-D0C1FBD0B45A}.Release|Any CPU.ActiveCfg = Release|Any CPU
		{1594DBEA-666E-4848-A84C-D0C1FBD0B45A}.Release|Any CPU.Build.0 = Release|Any CPU
	EndGlobalSection
EndGlobal
